<?xml version="1.0" encoding="utf-8"?>
<Project ToolsVersion="4.0" xmlns="http://schemas.microsoft.com/developer/msbuild/2003">
  <ItemGroup>
    <ClCompile Include="pch.cpp" />
    <ClCompile Include="ServerService.cpp">
      <Filter>Service</Filter>
    </ClCompile>
    <ClCompile Include="NetworkService.cpp">
      <Filter>Service</Filter>
    </ClCompile>
    <ClCompile Include="ClientService.cpp">
      <Filter>Service</Filter>
    </ClCompile>
    <ClCompile Include="Acceptor.cpp" />
    <ClCompile Include="Connection.cpp">
      <Filter>Connection</Filter>
    </ClCompile>
    <ClCompile Include="IConnectionListener.cpp">
      <Filter>Connection</Filter>
    </ClCompile>
  </ItemGroup>
  <ItemGroup>
    <ClInclude Include="pch.h" />
    <ClInclude Include="ServerService.h">
      <Filter>Service</Filter>
    </ClInclude>
    <ClInclude Include="NetworkService.h">
      <Filter>Service</Filter>
    </ClInclude>
    <ClInclude Include="ClientService.h">
      <Filter>Service</Filter>
    </ClInclude>
    <ClInclude Include="Acceptor.h" />
    <ClInclude Include="Connection.h">
      <Filter>Connection</Filter>
    </ClInclude>
    <ClInclude Include="IConnectionListener.h">
      <Filter>Connection</Filter>
    </ClInclude>
  </ItemGroup>
  <ItemGroup>
    <Filter Include="Service">
      <UniqueIdentifier>{914e82ab-c5af-47f8-95bb-cda36c54bbc9}</UniqueIdentifier>
    </Filter>
    <Filter Include="Connection">
      <UniqueIdentifier>{ef183ffe-6a4f-4815-b950-f1fe4b7f8e93}</UniqueIdentifier>
    </Filter>
  </ItemGroup>
</Project>