<?xml version="1.0" encoding="utf-8"?>
<Project ToolsVersion="4.0" xmlns="http://schemas.microsoft.com/developer/msbuild/2003">
  <ItemGroup>
    <ClCompile Include="ServerService.cpp">
      <Filter>Service</Filter>
    </ClCompile>
    <ClCompile Include="NetworkService.cpp">
      <Filter>Service</Filter>
    </ClCompile>
    <ClCompile Include="ClientService.cpp">
      <Filter>Service</Filter>
    </ClCompile>
    <ClCompile Include="Connection.cpp">
      <Filter>Connection</Filter>
    </ClCompile>
    <ClCompile Include="IConnectionListener.cpp">
      <Filter>Connection</Filter>
    </ClCompile>
    <ClCompile Include="Acceptor.cpp">
      <Filter>Accept</Filter>
    </ClCompile>
    <ClCompile Include="IAcceptListener.cpp">
      <Filter>Accept</Filter>
    </ClCompile>
    <ClCompile Include="pch.cpp">
      <Filter>Utillity</Filter>
    </ClCompile>
  </ItemGroup>
  <ItemGroup>
    <ClInclude Include="ServerService.h">
      <Filter>Service</Filter>
    </ClInclude>
    <ClInclude Include="NetworkService.h">
      <Filter>Service</Filter>
    </ClInclude>
    <ClInclude Include="ClientService.h">
      <Filter>Service</Filter>
    </ClInclude>
    <ClInclude Include="Connection.h">
      <Filter>Connection</Filter>
    </ClInclude>
    <ClInclude Include="IConnectionListener.h">
      <Filter>Connection</Filter>
    </ClInclude>
    <ClInclude Include="Acceptor.h">
      <Filter>Accept</Filter>
    </ClInclude>
    <ClInclude Include="IAcceptListener.h">
      <Filter>Accept</Filter>
    </ClInclude>
    <ClInclude Include="Protocol.h">
      <Filter>Protocol</Filter>
    </ClInclude>
    <ClInclude Include="pch.h">
      <Filter>Utillity</Filter>
    </ClInclude>
  </ItemGroup>
  <ItemGroup>
    <Filter Include="Protocol">
      <UniqueIdentifier>{c6bb4387-bc40-4ed3-a77e-5b37b909673f}</UniqueIdentifier>
    </Filter>
    <Filter Include="Accept">
      <UniqueIdentifier>{b006c050-e84e-4bc0-b22b-51393423beff}</UniqueIdentifier>
    </Filter>
    <Filter Include="Connection">
      <UniqueIdentifier>{ef183ffe-6a4f-4815-b950-f1fe4b7f8e93}</UniqueIdentifier>
    </Filter>
    <Filter Include="Service">
      <UniqueIdentifier>{914e82ab-c5af-47f8-95bb-cda36c54bbc9}</UniqueIdentifier>
    </Filter>
    <Filter Include="Utillity">
      <UniqueIdentifier>{2814d1f8-928a-4c47-ac2e-e3b672e7839c}</UniqueIdentifier>
    </Filter>
  </ItemGroup>
</Project>